
Microsoft Visual Studio Solution File, Format Version 12.00
# Visual Studio Version 17
VisualStudioVersion = 17.8.34330.188
MinimumVisualStudioVersion = 10.0.40219.1
Project("{9A19103F-16F7-4668-BE54-9A1E7A4F7556}") = "CRMWebAPI", "CRMWebAPI\CRMWebAPI.csproj", "{B4CA050E-F72F-4AD3-AB89-D46D908DC23D}"
EndProject
Global
	GlobalSection(SolutionConfigurationPlatforms) = preSolution
		Debug|Any CPU = Debug|Any CPU
		Release|Any CPU = Release|Any CPU
	EndGlobalSection
	GlobalSection(ProjectConfigurationPlatforms) = postSolution
		{B4CA050E-F72F-4AD3-AB89-D46D908DC23D}.Debug|Any CPU.ActiveCfg = Debug|Any CPU
		{B4CA050E-F72F-4AD3-AB89-D46D908DC23D}.Debug|Any CPU.Build.0 = Debug|Any CPU
		{B4CA050E-F72F-4AD3-AB89-D46D908DC23D}.Release|Any CPU.ActiveCfg = Release|Any CPU
		{B4CA050E-F72F-4AD3-AB89-D46D908DC23D}.Release|Any CPU.Build.0 = Release|Any CPU
	EndGlobalSection
	GlobalSection(SolutionProperties) = preSolution
		HideSolutionNode = FALSE
	EndGlobalSection
	GlobalSection(ExtensibilityGlobals) = postSolution
		SolutionGuid = {54ABDF89-4B57-4198-BA01-9A916567114E}
	EndGlobalSection
EndGlobal
